
Microsoft Visual Studio Solution File, Format Version 12.00
# Visual Studio Version 16
VisualStudioVersion = 16.0.31613.86
MinimumVisualStudioVersion = 10.0.40219.1
Project("{FAE04EC0-301F-11D3-BF4B-00C04F79EFBC}") = "MyCompany", "MyCompany.csproj", "{067C3D68-8894-4455-998D-333358FC371B}"
EndProject
Global
	GlobalSection(SolutionConfigurationPlatforms) = preSolution
		Debug|Any CPU = Debug|Any CPU
		Release|Any CPU = Release|Any CPU
	EndGlobalSection
	GlobalSection(ProjectConfigurationPlatforms) = postSolution
		{067C3D68-8894-4455-998D-333358FC371B}.Debug|Any CPU.ActiveCfg = Debug|Any CPU
		{067C3D68-8894-4455-998D-333358FC371B}.Debug|Any CPU.Build.0 = Debug|Any CPU
		{067C3D68-8894-4455-998D-333358FC371B}.Release|Any CPU.ActiveCfg = Release|Any CPU
		{067C3D68-8894-4455-998D-333358FC371B}.Release|Any CPU.Build.0 = Release|Any CPU
	EndGlobalSection
	GlobalSection(SolutionProperties) = preSolution
		HideSolutionNode = FALSE
	EndGlobalSection
	GlobalSection(ExtensibilityGlobals) = postSolution
		SolutionGuid = {20FD9286-93EE-4DAF-A9BA-32C6CF4346A2}
	EndGlobalSection
EndGlobal
